
Microsoft Visual Studio Solution File, Format Version 12.00
# Visual Studio 15
VisualStudioVersion = 15.0.28010.2046
MinimumVisualStudioVersion = 10.0.40219.1
Project("{FAE04EC0-301F-11D3-BF4B-00C04F79EFBC}") = "TappointmentToGo", "TappointmentToGo\TappointmentToGo.csproj", "{9144700B-B190-4F75-A0F8-5F90E2C6B79E}"
EndProject
Project("{FAE04EC0-301F-11D3-BF4B-00C04F79EFBC}") = "TappointmentToGo.Tests", "TappointmentToGo.Tests\TappointmentToGo.Tests.csproj", "{42FC491C-C6A7-4690-AC44-A07187C2D9D1}"
EndProject
Global
	GlobalSection(SolutionConfigurationPlatforms) = preSolution
		Debug|Any CPU = Debug|Any CPU
		Release|Any CPU = Release|Any CPU
	EndGlobalSection
	GlobalSection(ProjectConfigurationPlatforms) = postSolution
		{9144700B-B190-4F75-A0F8-5F90E2C6B79E}.Debug|Any CPU.ActiveCfg = Debug|Any CPU
		{9144700B-B190-4F75-A0F8-5F90E2C6B79E}.Debug|Any CPU.Build.0 = Debug|Any CPU
		{9144700B-B190-4F75-A0F8-5F90E2C6B79E}.Release|Any CPU.ActiveCfg = Release|Any CPU
		{9144700B-B190-4F75-A0F8-5F90E2C6B79E}.Release|Any CPU.Build.0 = Release|Any CPU
		{42FC491C-C6A7-4690-AC44-A07187C2D9D1}.Debug|Any CPU.ActiveCfg = Debug|Any CPU
		{42FC491C-C6A7-4690-AC44-A07187C2D9D1}.Debug|Any CPU.Build.0 = Debug|Any CPU
		{42FC491C-C6A7-4690-AC44-A07187C2D9D1}.Release|Any CPU.ActiveCfg = Release|Any CPU
		{42FC491C-C6A7-4690-AC44-A07187C2D9D1}.Release|Any CPU.Build.0 = Release|Any CPU
	EndGlobalSection
	GlobalSection(SolutionProperties) = preSolution
		HideSolutionNode = FALSE
	EndGlobalSection
	GlobalSection(ExtensibilityGlobals) = postSolution
		SolutionGuid = {115C2203-CBC1-4C55-9356-3EB2D9F4F54B}
	EndGlobalSection
EndGlobal
